// !$*UTF8*$!
{
	archiveVersion = 1;
	classes = {
	};
	objectVersion = 50;
	objects = {

/* Begin PBXBuildFile section */
		04084FD0C65DC666A711FBA8 /* Pods_flixsterUITests.framework in Frameworks */ = {isa = PBXBuildFile; fileRef = 9F4E302F790DA630FBAFA641 /* Pods_flixsterUITests.framework */; };
		22D70282CFD9C0E1F5A72CF7 /* Pods_flixster.framework in Frameworks */ = {isa = PBXBuildFile; fileRef = D590A6BC8C9D976E83142977 /* Pods_flixster.framework */; };
		27DFD030D22249A9B786DECB /* Pods_flixsterTests.framework in Frameworks */ = {isa = PBXBuildFile; fileRef = 4C3B161C5762FA528C9D2B26 /* Pods_flixsterTests.framework */; };
		B73252782213C798004ED207 /* AppDelegate.swift in Sources */ = {isa = PBXBuildFile; fileRef = B73252772213C798004ED207 /* AppDelegate.swift */; };
		B732527D2213C798004ED207 /* Main.storyboard in Resources */ = {isa = PBXBuildFile; fileRef = B732527B2213C798004ED207 /* Main.storyboard */; };
		B732527F2213C7A3004ED207 /* Assets.xcassets in Resources */ = {isa = PBXBuildFile; fileRef = B732527E2213C7A3004ED207 /* Assets.xcassets */; };
		B73252822213C7A3004ED207 /* LaunchScreen.storyboard in Resources */ = {isa = PBXBuildFile; fileRef = B73252802213C7A3004ED207 /* LaunchScreen.storyboard */; };
		B732528D2213C7A6004ED207 /* flixsterTests.swift in Sources */ = {isa = PBXBuildFile; fileRef = B732528C2213C7A6004ED207 /* flixsterTests.swift */; };
		B73252982213C7A7004ED207 /* flixsterUITests.swift in Sources */ = {isa = PBXBuildFile; fileRef = B73252972213C7A7004ED207 /* flixsterUITests.swift */; };
		B73252A62213CAFF004ED207 /* MoviesViewController.swift in Sources */ = {isa = PBXBuildFile; fileRef = B73252A52213CAFF004ED207 /* MoviesViewController.swift */; };
		B73252E62218EFDE004ED207 /* MovieCell.swift in Sources */ = {isa = PBXBuildFile; fileRef = B73252E52218EFDD004ED207 /* MovieCell.swift */; };
/* End PBXBuildFile section */

/* Begin PBXContainerItemProxy section */
		B73252892213C7A6004ED207 /* PBXContainerItemProxy */ = {
			isa = PBXContainerItemProxy;
			containerPortal = B732526C2213C798004ED207 /* Project object */;
			proxyType = 1;
			remoteGlobalIDString = B73252732213C798004ED207;
			remoteInfo = flixster;
		};
		B73252942213C7A7004ED207 /* PBXContainerItemProxy */ = {
			isa = PBXContainerItemProxy;
			containerPortal = B732526C2213C798004ED207 /* Project object */;
			proxyType = 1;
			remoteGlobalIDString = B73252732213C798004ED207;
			remoteInfo = flixster;
		};
/* End PBXContainerItemProxy section */

/* Begin PBXFileReference section */
		008C05FFC27EBE319C910BC7 /* Pods-flixsterTests.release.xcconfig */ = {isa = PBXFileReference; includeInIndex = 1; lastKnownFileType = text.xcconfig; name = "Pods-flixsterTests.release.xcconfig"; path = "Target Support Files/Pods-flixsterTests/Pods-flixsterTests.release.xcconfig"; sourceTree = "<group>"; };
		3B99DF3AB5F19400ADD668AD /* Pods-flixsterUITests.debug.xcconfig */ = {isa = PBXFileReference; includeInIndex = 1; lastKnownFileType = text.xcconfig; name = "Pods-flixsterUITests.debug.xcconfig"; path = "Target Support Files/Pods-flixsterUITests/Pods-flixsterUITests.debug.xcconfig"; sourceTree = "<group>"; };
		4C3B161C5762FA528C9D2B26 /* Pods_flixsterTests.framework */ = {isa = PBXFileReference; explicitFileType = wrapper.framework; includeInIndex = 0; path = Pods_flixsterTests.framework; sourceTree = BUILT_PRODUCTS_DIR; };
		9F4E302F790DA630FBAFA641 /* Pods_flixsterUITests.framework */ = {isa = PBXFileReference; explicitFileType = wrapper.framework; includeInIndex = 0; path = Pods_flixsterUITests.framework; sourceTree = BUILT_PRODUCTS_DIR; };
		B73252742213C798004ED207 /* flixster.app */ = {isa = PBXFileReference; explicitFileType = wrapper.application; includeInIndex = 0; path = flixster.app; sourceTree = BUILT_PRODUCTS_DIR; };
		B73252772213C798004ED207 /* AppDelegate.swift */ = {isa = PBXFileReference; lastKnownFileType = sourcecode.swift; path = AppDelegate.swift; sourceTree = "<group>"; };
		B732527C2213C798004ED207 /* Base */ = {isa = PBXFileReference; lastKnownFileType = file.storyboard; name = Base; path = Base.lproj/Main.storyboard; sourceTree = "<group>"; };
		B732527E2213C7A3004ED207 /* Assets.xcassets */ = {isa = PBXFileReference; lastKnownFileType = folder.assetcatalog; path = Assets.xcassets; sourceTree = "<group>"; };
		B73252812213C7A3004ED207 /* Base */ = {isa = PBXFileReference; lastKnownFileType = file.storyboard; name = Base; path = Base.lproj/LaunchScreen.storyboard; sourceTree = "<group>"; };
		B73252832213C7A3004ED207 /* Info.plist */ = {isa = PBXFileReference; lastKnownFileType = text.plist.xml; path = Info.plist; sourceTree = "<group>"; };
		B73252882213C7A6004ED207 /* flixsterTests.xctest */ = {isa = PBXFileReference; explicitFileType = wrapper.cfbundle; includeInIndex = 0; path = flixsterTests.xctest; sourceTree = BUILT_PRODUCTS_DIR; };
		B732528C2213C7A6004ED207 /* flixsterTests.swift */ = {isa = PBXFileReference; lastKnownFileType = sourcecode.swift; path = flixsterTests.swift; sourceTree = "<group>"; };
		B732528E2213C7A6004ED207 /* Info.plist */ = {isa = PBXFileReference; lastKnownFileType = text.plist.xml; path = Info.plist; sourceTree = "<group>"; };
		B73252932213C7A7004ED207 /* flixsterUITests.xctest */ = {isa = PBXFileReference; explicitFileType = wrapper.cfbundle; includeInIndex = 0; path = flixsterUITests.xctest; sourceTree = BUILT_PRODUCTS_DIR; };
		B73252972213C7A7004ED207 /* flixsterUITests.swift */ = {isa = PBXFileReference; lastKnownFileType = sourcecode.swift; path = flixsterUITests.swift; sourceTree = "<group>"; };
		B73252992213C7A7004ED207 /* Info.plist */ = {isa = PBXFileReference; lastKnownFileType = text.plist.xml; path = Info.plist; sourceTree = "<group>"; };
		B73252A52213CAFF004ED207 /* MoviesViewController.swift */ = {isa = PBXFileReference; lastKnownFileType = sourcecode.swift; path = MoviesViewController.swift; sourceTree = "<group>"; };
		B73252E52218EFDD004ED207 /* MovieCell.swift */ = {isa = PBXFileReference; lastKnownFileType = sourcecode.swift; path = MovieCell.swift; sourceTree = "<group>"; };
		C6ED299E905D898F2A8EA993 /* Pods-flixsterUITests.release.xcconfig */ = {isa = PBXFileReference; includeInIndex = 1; lastKnownFileType = text.xcconfig; name = "Pods-flixsterUITests.release.xcconfig"; path = "Target Support Files/Pods-flixsterUITests/Pods-flixsterUITests.release.xcconfig"; sourceTree = "<group>"; };
		D0EBEEE65E902D47AA75D6B4 /* Pods-flixster.debug.xcconfig */ = {isa = PBXFileReference; includeInIndex = 1; lastKnownFileType = text.xcconfig; name = "Pods-flixster.debug.xcconfig"; path = "Target Support Files/Pods-flixster/Pods-flixster.debug.xcconfig"; sourceTree = "<group>"; };
		D590A6BC8C9D976E83142977 /* Pods_flixster.framework */ = {isa = PBXFileReference; explicitFileType = wrapper.framework; includeInIndex = 0; path = Pods_flixster.framework; sourceTree = BUILT_PRODUCTS_DIR; };
		DB561EEE616C8162C1D39B71 /* Pods-flixsterTests.debug.xcconfig */ = {isa = PBXFileReference; includeInIndex = 1; lastKnownFileType = text.xcconfig; name = "Pods-flixsterTests.debug.xcconfig"; path = "Target Support Files/Pods-flixsterTests/Pods-flixsterTests.debug.xcconfig"; sourceTree = "<group>"; };
		FD764FCA36835A00E1E04079 /* Pods-flixster.release.xcconfig */ = {isa = PBXFileReference; includeInIndex = 1; lastKnownFileType = text.xcconfig; name = "Pods-flixster.release.xcconfig"; path = "Target Support Files/Pods-flixster/Pods-flixster.release.xcconfig"; sourceTree = "<group>"; };
/* End PBXFileReference section */

/* Begin PBXFrameworksBuildPhase section */
		B73252712213C798004ED207 /* Frameworks */ = {
			isa = PBXFrameworksBuildPhase;
			buildActionMask = 2147483647;
			files = (
				22D70282CFD9C0E1F5A72CF7 /* Pods_flixster.framework in Frameworks */,
			);
			runOnlyForDeploymentPostprocessing = 0;
		};
		B73252852213C7A6004ED207 /* Frameworks */ = {
			isa = PBXFrameworksBuildPhase;
			buildActionMask = 2147483647;
			files = (
				27DFD030D22249A9B786DECB /* Pods_flixsterTests.framework in Frameworks */,
			);
			runOnlyForDeploymentPostprocessing = 0;
		};
		B73252902213C7A7004ED207 /* Frameworks */ = {
			isa = PBXFrameworksBuildPhase;
			buildActionMask = 2147483647;
			files = (
				04084FD0C65DC666A711FBA8 /* Pods_flixsterUITests.framework in Frameworks */,
			);
			runOnlyForDeploymentPostprocessing = 0;
		};
/* End PBXFrameworksBuildPhase section */

/* Begin PBXGroup section */
		503EB300668F9721BEA97842 /* Frameworks */ = {
			isa = PBXGroup;
			children = (
				D590A6BC8C9D976E83142977 /* Pods_flixster.framework */,
				4C3B161C5762FA528C9D2B26 /* Pods_flixsterTests.framework */,
				9F4E302F790DA630FBAFA641 /* Pods_flixsterUITests.framework */,
			);
			name = Frameworks;
			sourceTree = "<group>";
		};
		A98F9320E1936B4FD97021C4 /* Pods */ = {
			isa = PBXGroup;
			children = (
				D0EBEEE65E902D47AA75D6B4 /* Pods-flixster.debug.xcconfig */,
				FD764FCA36835A00E1E04079 /* Pods-flixster.release.xcconfig */,
				DB561EEE616C8162C1D39B71 /* Pods-flixsterTests.debug.xcconfig */,
				008C05FFC27EBE319C910BC7 /* Pods-flixsterTests.release.xcconfig */,
				3B99DF3AB5F19400ADD668AD /* Pods-flixsterUITests.debug.xcconfig */,
				C6ED299E905D898F2A8EA993 /* Pods-flixsterUITests.release.xcconfig */,
			);
			name = Pods;
			path = Pods;
			sourceTree = "<group>";
		};
		B732526B2213C798004ED207 = {
			isa = PBXGroup;
			children = (
				B73252762213C798004ED207 /* flixster */,
				B732528B2213C7A6004ED207 /* flixsterTests */,
				B73252962213C7A7004ED207 /* flixsterUITests */,
				B73252752213C798004ED207 /* Products */,
				A98F9320E1936B4FD97021C4 /* Pods */,
				503EB300668F9721BEA97842 /* Frameworks */,
			);
			sourceTree = "<group>";
		};
		B73252752213C798004ED207 /* Products */ = {
			isa = PBXGroup;
			children = (
				B73252742213C798004ED207 /* flixster.app */,
				B73252882213C7A6004ED207 /* flixsterTests.xctest */,
				B73252932213C7A7004ED207 /* flixsterUITests.xctest */,
			);
			name = Products;
			sourceTree = "<group>";
		};
		B73252762213C798004ED207 /* flixster */ = {
			isa = PBXGroup;
			children = (
				B73252772213C798004ED207 /* AppDelegate.swift */,
				B732527B2213C798004ED207 /* Main.storyboard */,
				B732527E2213C7A3004ED207 /* Assets.xcassets */,
				B73252802213C7A3004ED207 /* LaunchScreen.storyboard */,
				B73252832213C7A3004ED207 /* Info.plist */,
				B73252A52213CAFF004ED207 /* MoviesViewController.swift */,
				B73252E52218EFDD004ED207 /* MovieCell.swift */,
			);
			path = flixster;
			sourceTree = "<group>";
		};
		B732528B2213C7A6004ED207 /* flixsterTests */ = {
			isa = PBXGroup;
			children = (
				B732528C2213C7A6004ED207 /* flixsterTests.swift */,
				B732528E2213C7A6004ED207 /* Info.plist */,
			);
			path = flixsterTests;
			sourceTree = "<group>";
		};
		B73252962213C7A7004ED207 /* flixsterUITests */ = {
			isa = PBXGroup;
			children = (
				B73252972213C7A7004ED207 /* flixsterUITests.swift */,
				B73252992213C7A7004ED207 /* Info.plist */,
			);
			path = flixsterUITests;
			sourceTree = "<group>";
		};
/* End PBXGroup section */

/* Begin PBXNativeTarget section */
		B73252732213C798004ED207 /* flixster */ = {
			isa = PBXNativeTarget;
			buildConfigurationList = B732529C2213C7A7004ED207 /* Build configuration list for PBXNativeTarget "flixster" */;
			buildPhases = (
				F59167B874717432933B9973 /* [CP] Check Pods Manifest.lock */,
				B73252702213C798004ED207 /* Sources */,
				B73252712213C798004ED207 /* Frameworks */,
				B73252722213C798004ED207 /* Resources */,
				C9E19D33E88A6A2B8C30AD06 /* [CP] Embed Pods Frameworks */,
			);
			buildRules = (
			);
			dependencies = (
			);
			name = flixster;
			productName = flixster;
			productReference = B73252742213C798004ED207 /* flixster.app */;
			productType = "com.apple.product-type.application";
		};
		B73252872213C7A6004ED207 /* flixsterTests */ = {
			isa = PBXNativeTarget;
			buildConfigurationList = B732529F2213C7A7004ED207 /* Build configuration list for PBXNativeTarget "flixsterTests" */;
			buildPhases = (
				75FC360FA945D3891E4B111C /* [CP] Check Pods Manifest.lock */,
				B73252842213C7A6004ED207 /* Sources */,
				B73252852213C7A6004ED207 /* Frameworks */,
				B73252862213C7A6004ED207 /* Resources */,
			);
			buildRules = (
			);
			dependencies = (
				B732528A2213C7A6004ED207 /* PBXTargetDependency */,
			);
			name = flixsterTests;
			productName = flixsterTests;
			productReference = B73252882213C7A6004ED207 /* flixsterTests.xctest */;
			productType = "com.apple.product-type.bundle.unit-test";
		};
		B73252922213C7A7004ED207 /* flixsterUITests */ = {
			isa = PBXNativeTarget;
			buildConfigurationList = B73252A22213C7A7004ED207 /* Build configuration list for PBXNativeTarget "flixsterUITests" */;
			buildPhases = (
				70B2C86B1B4090A6315D92BA /* [CP] Check Pods Manifest.lock */,
				B732528F2213C7A7004ED207 /* Sources */,
				B73252902213C7A7004ED207 /* Frameworks */,
				B73252912213C7A7004ED207 /* Resources */,
			);
			buildRules = (
			);
			dependencies = (
				B73252952213C7A7004ED207 /* PBXTargetDependency */,
			);
			name = flixsterUITests;
			productName = flixsterUITests;
			productReference = B73252932213C7A7004ED207 /* flixsterUITests.xctest */;
			productType = "com.apple.product-type.bundle.ui-testing";
		};
/* End PBXNativeTarget section */

/* Begin PBXProject section */
		B732526C2213C798004ED207 /* Project object */ = {
			isa = PBXProject;
			attributes = {
				LastSwiftUpdateCheck = 1010;
				LastUpgradeCheck = 1010;
				ORGANIZATIONNAME = louise;
				TargetAttributes = {
					B73252732213C798004ED207 = {
						CreatedOnToolsVersion = 10.1;
					};
					B73252872213C7A6004ED207 = {
						CreatedOnToolsVersion = 10.1;
						TestTargetID = B73252732213C798004ED207;
					};
					B73252922213C7A7004ED207 = {
						CreatedOnToolsVersion = 10.1;
						TestTargetID = B73252732213C798004ED207;
					};
				};
			};
			buildConfigurationList = B732526F2213C798004ED207 /* Build configuration list for PBXProject "flixster" */;
			compatibilityVersion = "Xcode 9.3";
			developmentRegion = en;
			hasScannedForEncodings = 0;
			knownRegions = (
				en,
				Base,
			);
			mainGroup = B732526B2213C798004ED207;
			productRefGroup = B73252752213C798004ED207 /* Products */;
			projectDirPath = "";
			projectRoot = "";
			targets = (
				B73252732213C798004ED207 /* flixster */,
				B73252872213C7A6004ED207 /* flixsterTests */,
				B73252922213C7A7004ED207 /* flixsterUITests */,
			);
		};
/* End PBXProject section */

/* Begin PBXResourcesBuildPhase section */
		B73252722213C798004ED207 /* Resources */ = {
			isa = PBXResourcesBuildPhase;
			buildActionMask = 2147483647;
			files = (
				B73252822213C7A3004ED207 /* LaunchScreen.storyboard in Resources */,
				B732527F2213C7A3004ED207 /* Assets.xcassets in Resources */,
				B732527D2213C798004ED207 /* Main.storyboard in Resources */,
			);
			runOnlyForDeploymentPostprocessing = 0;
		};
		B73252862213C7A6004ED207 /* Resources */ = {
			isa = PBXResourcesBuildPhase;
			buildActionMask = 2147483647;
			files = (
			);
			runOnlyForDeploymentPostprocessing = 0;
		};
		B73252912213C7A7004ED207 /* Resources */ = {
			isa = PBXResourcesBuildPhase;
			buildActionMask = 2147483647;
			files = (
			);
			runOnlyForDeploymentPostprocessing = 0;
		};
/* End PBXResourcesBuildPhase section */

/* Begin PBXShellScriptBuildPhase section */
		70B2C86B1B4090A6315D92BA /* [CP] Check Pods Manifest.lock */ = {
			isa = PBXShellScriptBuildPhase;
			buildActionMask = 2147483647;
			files = (
			);
			inputFileListPaths = (
			);
			inputPaths = (
				"${PODS_PODFILE_DIR_PATH}/Podfile.lock",
				"${PODS_ROOT}/Manifest.lock",
			);
			name = "[CP] Check Pods Manifest.lock";
			outputFileListPaths = (
			);
			outputPaths = (
				"$(DERIVED_FILE_DIR)/Pods-flixsterUITests-checkManifestLockResult.txt",
			);
			runOnlyForDeploymentPostprocessing = 0;
			shellPath = /bin/sh;
			shellScript = "diff \"${PODS_PODFILE_DIR_PATH}/Podfile.lock\" \"${PODS_ROOT}/Manifest.lock\" > /dev/null\nif [ $? != 0 ] ; then\n    # print error to STDERR\n    echo \"error: The sandbox is not in sync with the Podfile.lock. Run 'pod install' or update your CocoaPods installation.\" >&2\n    exit 1\nfi\n# This output is used by Xcode 'outputs' to avoid re-running this script phase.\necho \"SUCCESS\" > \"${SCRIPT_OUTPUT_FILE_0}\"\n";
			showEnvVarsInLog = 0;
		};
		75FC360FA945D3891E4B111C /* [CP] Check Pods Manifest.lock */ = {
			isa = PBXShellScriptBuildPhase;
			buildActionMask = 2147483647;
			files = (
			);
			inputFileListPaths = (
			);
			inputPaths = (
				"${PODS_PODFILE_DIR_PATH}/Podfile.lock",
				"${PODS_ROOT}/Manifest.lock",
			);
			name = "[CP] Check Pods Manifest.lock";
			outputFileListPaths = (
			);
			outputPaths = (
				"$(DERIVED_FILE_DIR)/Pods-flixsterTests-checkManifestLockResult.txt",
			);
			runOnlyForDeploymentPostprocessing = 0;
			shellPath = /bin/sh;
			shellScript = "diff \"${PODS_PODFILE_DIR_PATH}/Podfile.lock\" \"${PODS_ROOT}/Manifest.lock\" > /dev/null\nif [ $? != 0 ] ; then\n    # print error to STDERR\n    echo \"error: The sandbox is not in sync with the Podfile.lock. Run 'pod install' or update your CocoaPods installation.\" >&2\n    exit 1\nfi\n# This output is used by Xcode 'outputs' to avoid re-running this script phase.\necho \"SUCCESS\" > \"${SCRIPT_OUTPUT_FILE_0}\"\n";
			showEnvVarsInLog = 0;
		};
		C9E19D33E88A6A2B8C30AD06 /* [CP] Embed Pods Frameworks */ = {
			isa = PBXShellScriptBuildPhase;
			buildActionMask = 2147483647;
			files = (
			);
			inputFileListPaths = (
			);
			inputPaths = (
				"${PODS_ROOT}/Target Support Files/Pods-flixster/Pods-flixster-frameworks.sh",
				"${BUILT_PRODUCTS_DIR}/Alamofire/Alamofire.framework",
				"${BUILT_PRODUCTS_DIR}/AlamofireImage/AlamofireImage.framework",
			);
			name = "[CP] Embed Pods Frameworks";
			outputFileListPaths = (
			);
			outputPaths = (
				"${TARGET_BUILD_DIR}/${FRAMEWORKS_FOLDER_PATH}/Alamofire.framework",
				"${TARGET_BUILD_DIR}/${FRAMEWORKS_FOLDER_PATH}/AlamofireImage.framework",
			);
			runOnlyForDeploymentPostprocessing = 0;
			shellPath = /bin/sh;
			shellScript = "\"${PODS_ROOT}/Target Support Files/Pods-flixster/Pods-flixster-frameworks.sh\"\n";
			showEnvVarsInLog = 0;
		};
		F59167B874717432933B9973 /* [CP] Check Pods Manifest.lock */ = {
			isa = PBXShellScriptBuildPhase;
			buildActionMask = 2147483647;
			files = (
			);
			inputFileListPaths = (
			);
			inputPaths = (
				"${PODS_PODFILE_DIR_PATH}/Podfile.lock",
				"${PODS_ROOT}/Manifest.lock",
			);
			name = "[CP] Check Pods Manifest.lock";
			outputFileListPaths = (
			);
			outputPaths = (
				"$(DERIVED_FILE_DIR)/Pods-flixster-checkManifestLockResult.txt",
			);
			runOnlyForDeploymentPostprocessing = 0;
			shellPath = /bin/sh;
			shellScript = "diff \"${PODS_PODFILE_DIR_PATH}/Podfile.lock\" \"${PODS_ROOT}/Manifest.lock\" > /dev/null\nif [ $? != 0 ] ; then\n    # print error to STDERR\n    echo \"error: The sandbox is not in sync with the Podfile.lock. Run 'pod install' or update your CocoaPods installation.\" >&2\n    exit 1\nfi\n# This output is used by Xcode 'outputs' to avoid re-running this script phase.\necho \"SUCCESS\" > \"${SCRIPT_OUTPUT_FILE_0}\"\n";
			showEnvVarsInLog = 0;
		};
/* End PBXShellScriptBuildPhase section */

/* Begin PBXSourcesBuildPhase section */
		B73252702213C798004ED207 /* Sources */ = {
			isa = PBXSourcesBuildPhase;
			buildActionMask = 2147483647;
			files = (
				B73252782213C798004ED207 /* AppDelegate.swift in Sources */,
				B73252A62213CAFF004ED207 /* MoviesViewController.swift in Sources */,
				B73252E62218EFDE004ED207 /* MovieCell.swift in Sources */,
			);
			runOnlyForDeploymentPostprocessing = 0;
		};
		B73252842213C7A6004ED207 /* Sources */ = {
			isa = PBXSourcesBuildPhase;
			buildActionMask = 2147483647;
			files = (
				B732528D2213C7A6004ED207 /* flixsterTests.swift in Sources */,
			);
			runOnlyForDeploymentPostprocessing = 0;
		};
		B732528F2213C7A7004ED207 /* Sources */ = {
			isa = PBXSourcesBuildPhase;
			buildActionMask = 2147483647;
			files = (
				B73252982213C7A7004ED207 /* flixsterUITests.swift in Sources */,
			);
			runOnlyForDeploymentPostprocessing = 0;
		};
/* End PBXSourcesBuildPhase section */

/* Begin PBXTargetDependency section */
		B732528A2213C7A6004ED207 /* PBXTargetDependency */ = {
			isa = PBXTargetDependency;
			target = B73252732213C798004ED207 /* flixster */;
			targetProxy = B73252892213C7A6004ED207 /* PBXContainerItemProxy */;
		};
		B73252952213C7A7004ED207 /* PBXTargetDependency */ = {
			isa = PBXTargetDependency;
			target = B73252732213C798004ED207 /* flixster */;
			targetProxy = B73252942213C7A7004ED207 /* PBXContainerItemProxy */;
		};
/* End PBXTargetDependency section */

/* Begin PBXVariantGroup section */
		B732527B2213C798004ED207 /* Main.storyboard */ = {
			isa = PBXVariantGroup;
			children = (
				B732527C2213C798004ED207 /* Base */,
			);
			name = Main.storyboard;
			sourceTree = "<group>";
		};
		B73252802213C7A3004ED207 /* LaunchScreen.storyboard */ = {
			isa = PBXVariantGroup;
			children = (
				B73252812213C7A3004ED207 /* Base */,
			);
			name = LaunchScreen.storyboard;
			sourceTree = "<group>";
		};
/* End PBXVariantGroup section */

/* Begin XCBuildConfiguration section */
		B732529A2213C7A7004ED207 /* Debug */ = {
			isa = XCBuildConfiguration;
			buildSettings = {
				ALWAYS_SEARCH_USER_PATHS = NO;
				CLANG_ANALYZER_NONNULL = YES;
				CLANG_ANALYZER_NUMBER_OBJECT_CONVERSION = YES_AGGRESSIVE;
				CLANG_CXX_LANGUAGE_STANDARD = "gnu++14";
				CLANG_CXX_LIBRARY = "libc++";
				CLANG_ENABLE_MODULES = YES;
				CLANG_ENABLE_OBJC_ARC = YES;
				CLANG_ENABLE_OBJC_WEAK = YES;
				CLANG_WARN_BLOCK_CAPTURE_AUTORELEASING = YES;
				CLANG_WARN_BOOL_CONVERSION = YES;
				CLANG_WARN_COMMA = YES;
				CLANG_WARN_CONSTANT_CONVERSION = YES;
				CLANG_WARN_DEPRECATED_OBJC_IMPLEMENTATIONS = YES;
				CLANG_WARN_DIRECT_OBJC_ISA_USAGE = YES_ERROR;
				CLANG_WARN_DOCUMENTATION_COMMENTS = YES;
				CLANG_WARN_EMPTY_BODY = YES;
				CLANG_WARN_ENUM_CONVERSION = YES;
				CLANG_WARN_INFINITE_RECURSION = YES;
				CLANG_WARN_INT_CONVERSION = YES;
				CLANG_WARN_NON_LITERAL_NULL_CONVERSION = YES;
				CLANG_WARN_OBJC_IMPLICIT_RETAIN_SELF = YES;
				CLANG_WARN_OBJC_LITERAL_CONVERSION = YES;
				CLANG_WARN_OBJC_ROOT_CLASS = YES_ERROR;
				CLANG_WARN_RANGE_LOOP_ANALYSIS = YES;
				CLANG_WARN_STRICT_PROTOTYPES = YES;
				CLANG_WARN_SUSPICIOUS_MOVE = YES;
				CLANG_WARN_UNGUARDED_AVAILABILITY = YES_AGGRESSIVE;
				CLANG_WARN_UNREACHABLE_CODE = YES;
				CLANG_WARN__DUPLICATE_METHOD_MATCH = YES;
				CODE_SIGN_IDENTITY = "iPhone Developer";
				COPY_PHASE_STRIP = NO;
				DEBUG_INFORMATION_FORMAT = dwarf;
				ENABLE_STRICT_OBJC_MSGSEND = YES;
				ENABLE_TESTABILITY = YES;
				GCC_C_LANGUAGE_STANDARD = gnu11;
				GCC_DYNAMIC_NO_PIC = NO;
				GCC_NO_COMMON_BLOCKS = YES;
				GCC_OPTIMIZATION_LEVEL = 0;
				GCC_PREPROCESSOR_DEFINITIONS = (
					"DEBUG=1",
					"$(inherited)",
				);
				GCC_WARN_64_TO_32_BIT_CONVERSION = YES;
				GCC_WARN_ABOUT_RETURN_TYPE = YES_ERROR;
				GCC_WARN_UNDECLARED_SELECTOR = YES;
				GCC_WARN_UNINITIALIZED_AUTOS = YES_AGGRESSIVE;
				GCC_WARN_UNUSED_FUNCTION = YES;
				GCC_WARN_UNUSED_VARIABLE = YES;
				IPHONEOS_DEPLOYMENT_TARGET = 12.1;
				MTL_ENABLE_DEBUG_INFO = INCLUDE_SOURCE;
				MTL_FAST_MATH = YES;
				ONLY_ACTIVE_ARCH = YES;
				SDKROOT = iphoneos;
				SWIFT_ACTIVE_COMPILATION_CONDITIONS = DEBUG;
				SWIFT_OPTIMIZATION_LEVEL = "-Onone";
			};
			name = Debug;
		};
		B732529B2213C7A7004ED207 /* Release */ = {
			isa = XCBuildConfiguration;
			buildSettings = {
				ALWAYS_SEARCH_USER_PATHS = NO;
				CLANG_ANALYZER_NONNULL = YES;
				CLANG_ANALYZER_NUMBER_OBJECT_CONVERSION = YES_AGGRESSIVE;
				CLANG_CXX_LANGUAGE_STANDARD = "gnu++14";
				CLANG_CXX_LIBRARY = "libc++";
				CLANG_ENABLE_MODULES = YES;
				CLANG_ENABLE_OBJC_ARC = YES;
				CLANG_ENABLE_OBJC_WEAK = YES;
				CLANG_WARN_BLOCK_CAPTURE_AUTORELEASING = YES;
				CLANG_WARN_BOOL_CONVERSION = YES;
				CLANG_WARN_COMMA = YES;
				CLANG_WARN_CONSTANT_CONVERSION = YES;
				CLANG_WARN_DEPRECATED_OBJC_IMPLEMENTATIONS = YES;
				CLANG_WARN_DIRECT_OBJC_ISA_USAGE = YES_ERROR;
				CLANG_WARN_DOCUMENTATION_COMMENTS = YES;
				CLANG_WARN_EMPTY_BODY = YES;
				CLANG_WARN_ENUM_CONVERSION = YES;
				CLANG_WARN_INFINITE_RECURSION = YES;
				CLANG_WARN_INT_CONVERSION = YES;
				CLANG_WARN_NON_LITERAL_NULL_CONVERSION = YES;
				CLANG_WARN_OBJC_IMPLICIT_RETAIN_SELF = YES;
				CLANG_WARN_OBJC_LITERAL_CONVERSION = YES;
				CLANG_WARN_OBJC_ROOT_CLASS = YES_ERROR;
				CLANG_WARN_RANGE_LOOP_ANALYSIS = YES;
				CLANG_WARN_STRICT_PROTOTYPES = YES;
				CLANG_WARN_SUSPICIOUS_MOVE = YES;
				CLANG_WARN_UNGUARDED_AVAILABILITY = YES_AGGRESSIVE;
				CLANG_WARN_UNREACHABLE_CODE = YES;
				CLANG_WARN__DUPLICATE_METHOD_MATCH = YES;
				CODE_SIGN_IDENTITY = "iPhone Developer";
				COPY_PHASE_STRIP = NO;
				DEBUG_INFORMATION_FORMAT = "dwarf-with-dsym";
				ENABLE_NS_ASSERTIONS = NO;
				ENABLE_STRICT_OBJC_MSGSEND = YES;
				GCC_C_LANGUAGE_STANDARD = gnu11;
				GCC_NO_COMMON_BLOCKS = YES;
				GCC_WARN_64_TO_32_BIT_CONVERSION = YES;
				GCC_WARN_ABOUT_RETURN_TYPE = YES_ERROR;
				GCC_WARN_UNDECLARED_SELECTOR = YES;
				GCC_WARN_UNINITIALIZED_AUTOS = YES_AGGRESSIVE;
				GCC_WARN_UNUSED_FUNCTION = YES;
				GCC_WARN_UNUSED_VARIABLE = YES;
				IPHONEOS_DEPLOYMENT_TARGET = 12.1;
				MTL_ENABLE_DEBUG_INFO = NO;
				MTL_FAST_MATH = YES;
				SDKROOT = iphoneos;
				SWIFT_COMPILATION_MODE = wholemodule;
				SWIFT_OPTIMIZATION_LEVEL = "-O";
				VALIDATE_PRODUCT = YES;
			};
			name = Release;
		};
		B732529D2213C7A7004ED207 /* Debug */ = {
			isa = XCBuildConfiguration;
			baseConfigurationReference = D0EBEEE65E902D47AA75D6B4 /* Pods-flixster.debug.xcconfig */;
			buildSettings = {
				ASSETCATALOG_COMPILER_APPICON_NAME = AppIcon;
				CODE_SIGN_STYLE = Automatic;
				INFOPLIST_FILE = flixster/Info.plist;
				LD_RUNPATH_SEARCH_PATHS = (
					"$(inherited)",
					"@executable_path/Frameworks",
				);
				PRODUCT_BUNDLE_IDENTIFIER = com.louise.flixster;
				PRODUCT_NAME = "$(TARGET_NAME)";
				SWIFT_VERSION = 4.2;
				TARGETED_DEVICE_FAMILY = "1,2";
			};
			name = Debug;
		};
		B732529E2213C7A7004ED207 /* Release */ = {
			isa = XCBuildConfiguration;
			baseConfigurationReference = FD764FCA36835A00E1E04079 /* Pods-flixster.release.xcconfig */;
			buildSettings = {
				ASSETCATALOG_COMPILER_APPICON_NAME = AppIcon;
				CODE_SIGN_STYLE = Automatic;
				INFOPLIST_FILE = flixster/Info.plist;
				LD_RUNPATH_SEARCH_PATHS = (
					"$(inherited)",
					"@executable_path/Frameworks",
				);
				PRODUCT_BUNDLE_IDENTIFIER = com.louise.flixster;
				PRODUCT_NAME = "$(TARGET_NAME)";
				SWIFT_VERSION = 4.2;
				TARGETED_DEVICE_FAMILY = "1,2";
			};
			name = Release;
		};
		B73252A02213C7A7004ED207 /* Debug */ = {
			isa = XCBuildConfiguration;
			baseConfigurationReference = DB561EEE616C8162C1D39B71 /* Pods-flixsterTests.debug.xcconfig */;
			buildSettings = {
				ALWAYS_EMBED_SWIFT_STANDARD_LIBRARIES = YES;
				BUNDLE_LOADER = "$(TEST_HOST)";
				CODE_SIGN_STYLE = Automatic;
				INFOPLIST_FILE = flixsterTests/Info.plist;
				LD_RUNPATH_SEARCH_PATHS = (
					"$(inherited)",
					"@executable_path/Frameworks",
					"@loader_path/Frameworks",
				);
				PRODUCT_BUNDLE_IDENTIFIER = com.louise.flixsterTests;
				PRODUCT_NAME = "$(TARGET_NAME)";
				SWIFT_VERSION = 4.2;
				TARGETED_DEVICE_FAMILY = "1,2";
				TEST_HOST = "$(BUILT_PRODUCTS_DIR)/flixster.app/flixster";
			};
			name = Debug;
		};
		B73252A12213C7A7004ED207 /* Release */ = {
			isa = XCBuildConfiguration;
			baseConfigurationReference = 008C05FFC27EBE319C910BC7 /* Pods-flixsterTests.release.xcconfig */;
			buildSettings = {
				ALWAYS_EMBED_SWIFT_STANDARD_LIBRARIES = YES;
				BUNDLE_LOADER = "$(TEST_HOST)";
				CODE_SIGN_STYLE = Automatic;
				INFOPLIST_FILE = flixsterTests/Info.plist;
				LD_RUNPATH_SEARCH_PATHS = (
					"$(inherited)",
					"@executable_path/Frameworks",
					"@loader_path/Frameworks",
				);
				PRODUCT_BUNDLE_IDENTIFIER = com.louise.flixsterTests;
				PRODUCT_NAME = "$(TARGET_NAME)";
				SWIFT_VERSION = 4.2;
				TARGETED_DEVICE_FAMILY = "1,2";
				TEST_HOST = "$(BUILT_PRODUCTS_DIR)/flixster.app/flixster";
			};
			name = Release;
		};
		B73252A32213C7A7004ED207 /* Debug */ = {
			isa = XCBuildConfiguration;
			baseConfigurationReference = 3B99DF3AB5F19400ADD668AD /* Pods-flixsterUITests.debug.xcconfig */;
			buildSettings = {
				ALWAYS_EMBED_SWIFT_STANDARD_LIBRARIES = YES;
				CODE_SIGN_STYLE = Automatic;
				INFOPLIST_FILE = flixsterUITests/Info.plist;
				LD_RUNPATH_SEARCH_PATHS = (
					"$(inherited)",
					"@executable_path/Frameworks",
					"@loader_path/Frameworks",
				);
				PRODUCT_BUNDLE_IDENTIFIER = com.louise.flixsterUITests;
				PRODUCT_NAME = "$(TARGET_NAME)";
				SWIFT_VERSION = 4.2;
				TARGETED_DEVICE_FAMILY = "1,2";
				TEST_TARGET_NAME = flixster;
			};
			name = Debug;
		};
		B73252A42213C7A7004ED207 /* Release */ = {
			isa = XCBuildConfiguration;
			baseConfigurationReference = C6ED299E905D898F2A8EA993 /* Pods-flixsterUITests.release.xcconfig */;
			buildSettings = {
				ALWAYS_EMBED_SWIFT_STANDARD_LIBRARIES = YES;
				CODE_SIGN_STYLE = Automatic;
				INFOPLIST_FILE = flixsterUITests/Info.plist;
				LD_RUNPATH_SEARCH_PATHS = (
					"$(inherited)",
					"@executable_path/Frameworks",
					"@loader_path/Frameworks",
				);
				PRODUCT_BUNDLE_IDENTIFIER = com.louise.flixsterUITests;
				PRODUCT_NAME = "$(TARGET_NAME)";
				SWIFT_VERSION = 4.2;
				TARGETED_DEVICE_FAMILY = "1,2";
				TEST_TARGET_NAME = flixster;
			};
			name = Release;
		};
/* End XCBuildConfiguration section */

/* Begin XCConfigurationList section */
		B732526F2213C798004ED207 /* Build configuration list for PBXProject "flixster" */ = {
			isa = XCConfigurationList;
			buildConfigurations = (
				B732529A2213C7A7004ED207 /* Debug */,
				B732529B2213C7A7004ED207 /* Release */,
			);
			defaultConfigurationIsVisible = 0;
			defaultConfigurationName = Release;
		};
		B732529C2213C7A7004ED207 /* Build configuration list for PBXNativeTarget "flixster" */ = {
			isa = XCConfigurationList;
			buildConfigurations = (
				B732529D2213C7A7004ED207 /* Debug */,
				B732529E2213C7A7004ED207 /* Release */,
			);
			defaultConfigurationIsVisible = 0;
			defaultConfigurationName = Release;
		};
		B732529F2213C7A7004ED207 /* Build configuration list for PBXNativeTarget "flixsterTests" */ = {
			isa = XCConfigurationList;
			buildConfigurations = (
				B73252A02213C7A7004ED207 /* Debug */,
				B73252A12213C7A7004ED207 /* Release */,
			);
			defaultConfigurationIsVisible = 0;
			defaultConfigurationName = Release;
		};
		B73252A22213C7A7004ED207 /* Build configuration list for PBXNativeTarget "flixsterUITests" */ = {
			isa = XCConfigurationList;
			buildConfigurations = (
				B73252A32213C7A7004ED207 /* Debug */,
				B73252A42213C7A7004ED207 /* Release */,
			);
			defaultConfigurationIsVisible = 0;
			defaultConfigurationName = Release;
		};
/* End XCConfigurationList section */
	};
	rootObject = B732526C2213C798004ED207 /* Project object */;
}
